<?xml version="1.0" encoding="utf-8"?>
<Project ToolsVersion="4.0" xmlns="http://schemas.microsoft.com/developer/msbuild/2003">
  <ItemGroup>
    <Filter Include="Source Files">
      <UniqueIdentifier>{4FC737F1-C7A5-4376-A066-2A32D752A2FF}</UniqueIdentifier>
      <Extensions>cpp;c;cc;cxx;c++;cppm;ixx;def;odl;idl;hpj;bat;asm;asmx</Extensions>
    </Filter>
    <Filter Include="Header Files">
      <UniqueIdentifier>{93995380-89BD-4b04-88EB-625FBE52EBFB}</UniqueIdentifier>
      <Extensions>h;hh;hpp;hxx;h++;hm;inl;inc;ipp;xsd</Extensions>
    </Filter>
    <Filter Include="Resource Files">
      <UniqueIdentifier>{67DA6AB6-F800-4c08-8B7A-83BB121AAD01}</UniqueIdentifier>
      <Extensions>rc;ico;cur;bmp;dlg;rc2;rct;bin;rgs;gif;jpg;jpeg;jpe;resx;tiff;tif;png;wav;mfcribbon-ms</Extensions>
    </Filter>
  </ItemGroup>
  <ItemGroup>
    <ClInclude Include="Jouwal.h">
      <Filter>Header Files</Filter>
    </ClInclude>
    <ClInclude Include="JouwalDlg.h">
      <Filter>Header Files</Filter>
    </ClInclude>
    <ClInclude Include="framework.h">
      <Filter>Header Files</Filter>
    </ClInclude>
    <ClInclude Include="targetver.h">
      <Filter>Header Files</Filter>
    </ClInclude>
    <ClInclude Include="Resource.h">
      <Filter>Header Files</Filter>
    </ClInclude>
    <ClInclude Include="pch.h">
      <Filter>Header Files</Filter>
    </ClInclude>
    <ClInclude Include="DbConnector.h">
      <Filter>Header Files</Filter>
    </ClInclude>
    <ClInclude Include="ActivitesAdd.h">
      <Filter>Header Files</Filter>
    </ClInclude>
    <ClInclude Include="ActivitiesView.h">
      <Filter>Header Files</Filter>
    </ClInclude>
    <ClInclude Include="DrawerView.h">
      <Filter>Header Files</Filter>
    </ClInclude>
    <ClInclude Include="HomeView.h">
      <Filter>Header Files</Filter>
    </ClInclude>
    <ClInclude Include="SettingsView.h">
      <Filter>Header Files</Filter>
    </ClInclude>
    <ClInclude Include="ActivityEdit.h">
      <Filter>Header Files</Filter>
    </ClInclude>
    <ClInclude Include="ActivityDelete.h">
      <Filter>Header Files</Filter>
    </ClInclude>
    <ClInclude Include="VillagesView.h">
      <Filter>Header Files</Filter>
    </ClInclude>
    <ClInclude Include="VillageCreate.h">
      <Filter>Header Files</Filter>
    </ClInclude>
  </ItemGroup>
  <ItemGroup>
    <ClCompile Include="Jouwal.cpp">
      <Filter>Source Files</Filter>
    </ClCompile>
    <ClCompile Include="JouwalDlg.cpp">
      <Filter>Source Files</Filter>
    </ClCompile>
    <ClCompile Include="pch.cpp">
      <Filter>Source Files</Filter>
    </ClCompile>
    <ClCompile Include="DbConnector.cpp">
      <Filter>Source Files</Filter>
    </ClCompile>
    <ClCompile Include="ActivitesAdd.cpp">
      <Filter>Source Files</Filter>
    </ClCompile>
    <ClCompile Include="ActivitiesView.cpp">
      <Filter>Source Files</Filter>
    </ClCompile>
    <ClCompile Include="DrawerView.cpp">
      <Filter>Source Files</Filter>
    </ClCompile>
    <ClCompile Include="HomeView.cpp">
      <Filter>Source Files</Filter>
    </ClCompile>
    <ClCompile Include="SettingsView.cpp">
      <Filter>Source Files</Filter>
    </ClCompile>
    <ClCompile Include="ActivityEdit.cpp">
      <Filter>Source Files</Filter>
    </ClCompile>
    <ClCompile Include="ActivityDelete.cpp">
      <Filter>Source Files</Filter>
    </ClCompile>
    <ClCompile Include="VillagesView.cpp">
      <Filter>Source Files</Filter>
    </ClCompile>
    <ClCompile Include="VillageCreate.cpp">
      <Filter>Source Files</Filter>
    </ClCompile>
  </ItemGroup>
  <ItemGroup>
    <ResourceCompile Include="Jouwal.rc">
      <Filter>Resource Files</Filter>
    </ResourceCompile>
  </ItemGroup>
  <ItemGroup>
    <None Include="res\Jouwal.rc2">
      <Filter>Resource Files</Filter>
    </None>
  </ItemGroup>
  <ItemGroup>
    <Image Include="res\Jouwal.ico">
      <Filter>Resource Files</Filter>
    </Image>
    <Image Include="res\bitmap1.bmp">
      <Filter>Resource Files</Filter>
    </Image>
    <Image Include="res\bitmap2.bmp">
      <Filter>Resource Files</Filter>
    </Image>
    <Image Include="..\..\..\Downloads\find-location.png">
      <Filter>Resource Files</Filter>
    </Image>
    <Image Include="..\..\..\Downloads\holiday-vacation.png">
      <Filter>Resource Files</Filter>
    </Image>
    <Image Include="..\..\..\Downloads\address-location.png">
      <Filter>Resource Files</Filter>
    </Image>
    <Image Include="..\..\..\Downloads\aeroplane.png">
      <Filter>Resource Files</Filter>
    </Image>
    <Image Include="..\..\..\Downloads\globe-line.png">
      <Filter>Resource Files</Filter>
    </Image>
    <Image Include="..\..\..\Downloads\plus-round-line.png">
      <Filter>Resource Files</Filter>
    </Image>
    <Image Include="..\..\..\Downloads\home-button.bmp">
      <Filter>Resource Files</Filter>
    </Image>
    <Image Include="res\bitmap3.bmp">
      <Filter>Resource Files</Filter>
    </Image>
    <Image Include="res\icon1.ico">
      <Filter>Resource Files</Filter>
    </Image>
    <Image Include="res\icon2.ico">
      <Filter>Resource Files</Filter>
    </Image>
    <Image Include="res\bitmap4.bmp">
      <Filter>Resource Files</Filter>
    </Image>
    <Image Include="..\..\..\Downloads\bg-1.png">
      <Filter>Resource Files</Filter>
    </Image>
    <Image Include="..\..\..\Documents\Adobe\Photoshop Docs\jouwal logo.png">
      <Filter>Resource Files</Filter>
    </Image>
    <Image Include="res\bitmap5.bmp">
      <Filter>Resource Files</Filter>
    </Image>
    <Image Include="..\..\..\Documents\Adobe\Photoshop Docs\jouwal.bmp">
      <Filter>Resource Files</Filter>
    </Image>
    <Image Include="res\bitmap7.bmp">
      <Filter>Resource Files</Filter>
    </Image>
    <Image Include="..\..\..\Documents\Adobe\Photoshop Docs\jouwal logo.bmp">
      <Filter>Resource Files</Filter>
    </Image>
    <Image Include="..\..\..\Documents\Adobe\Photoshop Docs\bg.bmp">
      <Filter>Resource Files</Filter>
    </Image>
    <Image Include="..\..\..\Downloads\bg-1.bmp">
      <Filter>Resource Files</Filter>
    </Image>
    <Image Include="res\icon3.ico">
      <Filter>Resource Files</Filter>
    </Image>
    <Image Include="..\..\..\Downloads\go_home_icon_181144.ico">
      <Filter>Resource Files</Filter>
    </Image>
    <Image Include="..\..\..\Desktop\favicon.ico">
      <Filter>Resource Files</Filter>
    </Image>
    <Image Include="res\icon6.ico">
      <Filter>Resource Files</Filter>
    </Image>
  </ItemGroup>
</Project>